
Microsoft Visual Studio Solution File, Format Version 12.00
# Visual Studio Version 16
VisualStudioVersion = 16.0.31424.327
MinimumVisualStudioVersion = 10.0.40219.1
Project("{FAE04EC0-301F-11D3-BF4B-00C04F79EFBC}") = "firstWapp", "firstWapp\firstWapp.csproj", "{F5FA3F0B-9CC5-4842-8690-CEBEE92823AA}"
EndProject
Project("{FAE04EC0-301F-11D3-BF4B-00C04F79EFBC}") = "Calculator", "Calculator\Calculator.csproj", "{D282F4E8-440C-4360-BBC7-A432D0849E03}"
EndProject
Project("{FAE04EC0-301F-11D3-BF4B-00C04F79EFBC}") = "Mirror", "Mirror\Mirror.csproj", "{9720AE70-B2B3-4E12-893F-30467D822862}"
EndProject
Global
	GlobalSection(SolutionConfigurationPlatforms) = preSolution
		Debug|Any CPU = Debug|Any CPU
		Release|Any CPU = Release|Any CPU
	EndGlobalSection
	GlobalSection(ProjectConfigurationPlatforms) = postSolution
		{F5FA3F0B-9CC5-4842-8690-CEBEE92823AA}.Debug|Any CPU.ActiveCfg = Debug|Any CPU
		{F5FA3F0B-9CC5-4842-8690-CEBEE92823AA}.Debug|Any CPU.Build.0 = Debug|Any CPU
		{F5FA3F0B-9CC5-4842-8690-CEBEE92823AA}.Release|Any CPU.ActiveCfg = Release|Any CPU
		{F5FA3F0B-9CC5-4842-8690-CEBEE92823AA}.Release|Any CPU.Build.0 = Release|Any CPU
		{D282F4E8-440C-4360-BBC7-A432D0849E03}.Debug|Any CPU.ActiveCfg = Debug|Any CPU
		{D282F4E8-440C-4360-BBC7-A432D0849E03}.Debug|Any CPU.Build.0 = Debug|Any CPU
		{D282F4E8-440C-4360-BBC7-A432D0849E03}.Release|Any CPU.ActiveCfg = Release|Any CPU
		{D282F4E8-440C-4360-BBC7-A432D0849E03}.Release|Any CPU.Build.0 = Release|Any CPU
		{9720AE70-B2B3-4E12-893F-30467D822862}.Debug|Any CPU.ActiveCfg = Debug|Any CPU
		{9720AE70-B2B3-4E12-893F-30467D822862}.Debug|Any CPU.Build.0 = Debug|Any CPU
		{9720AE70-B2B3-4E12-893F-30467D822862}.Release|Any CPU.ActiveCfg = Release|Any CPU
		{9720AE70-B2B3-4E12-893F-30467D822862}.Release|Any CPU.Build.0 = Release|Any CPU
	EndGlobalSection
	GlobalSection(SolutionProperties) = preSolution
		HideSolutionNode = FALSE
	EndGlobalSection
	GlobalSection(ExtensibilityGlobals) = postSolution
		SolutionGuid = {C5311BED-4267-43AA-AB74-1480936CB379}
	EndGlobalSection
EndGlobal
